github.com/go-chi/chi v1.5.4 h1:QHdzF2szwjqVV4wmByUnTcsbIg7UGaQ0tPF2t5GcAIs=
github.com/go-chi/chi v1.5.4/go.mod h1:uaf8YgoFazUOkPBG7fxPftUylNumIev9awIWOENIuEg=
github.com/mattn/go-oci8 v0.1.1 h1:aEUDxNAyDG0tv8CA3TArnDQNyc4EhnWlsfxRgDHABHM=
github.com/mattn/go-oci8 v0.1.1/go.mod h1:wjDx6Xm9q7dFtHJvIlrI99JytznLw5wQ4R+9mNXJwGI=
github.com/mitchellh/mapstructure v1.4.3 h1:OVowDSCllw/YjdLkam3/sm7wEtOy59d8ndGgCcyj8cs=
github.com/mitchellh/mapstructure v1.4.3/go.mod h1:bFUtVrKA4DC2yAKiSyO/QUcy7e+RRV2QTWOzhPopBRo=
